
Microsoft Visual Studio Solution File, Format Version 12.00
# Visual Studio 15
VisualStudioVersion = 15.0.27130.2036
MinimumVisualStudioVersion = 10.0.40219.1
Project("{9A19103F-16F7-4668-BE54-9A1E7A4F7556}") = "DriverExpansesTracker.API", "DriverExpansesTracker.API\DriverExpansesTracker.API.csproj", "{ED9FF6FE-DC0D-4D5D-BA8F-1897D9EC464C}"
	ProjectSection(ProjectDependencies) = postProject
		{C336A12D-2BB3-491E-9BED-1B7BC01D74DA} = {C336A12D-2BB3-491E-9BED-1B7BC01D74DA}
		{611C26F7-D5D0-4E43-913B-F93E765182D9} = {611C26F7-D5D0-4E43-913B-F93E765182D9}
	EndProjectSection
EndProject
Project("{9A19103F-16F7-4668-BE54-9A1E7A4F7556}") = "DriverExpansesTracker.Services", "DriverExpansesTracker.Services\DriverExpansesTracker.Services.csproj", "{611C26F7-D5D0-4E43-913B-F93E765182D9}"
	ProjectSection(ProjectDependencies) = postProject
		{C336A12D-2BB3-491E-9BED-1B7BC01D74DA} = {C336A12D-2BB3-491E-9BED-1B7BC01D74DA}
	EndProjectSection
EndProject
Project("{9A19103F-16F7-4668-BE54-9A1E7A4F7556}") = "DriverExpansesTracker.Repository", "DriverExpansesTracker.Repository\DriverExpansesTracker.Repository.csproj", "{C336A12D-2BB3-491E-9BED-1B7BC01D74DA}"
EndProject
Project("{9A19103F-16F7-4668-BE54-9A1E7A4F7556}") = "DriverExpansesTracker.Services.Tests", "DriverExpansesTracker.Services.Tests\DriverExpansesTracker.Services.Tests.csproj", "{764E6257-CD10-4C2F-B830-06BD96B1C76C}"
EndProject
Project("{FAE04EC0-301F-11D3-BF4B-00C04F79EFBC}") = "DriverExpansesTracker.Repository.Tests", "DriverExpansesTracker.Repository.Tests\DriverExpansesTracker.Repository.Tests.csproj", "{5007E54F-E8CF-4792-B297-0A129E7719BA}"
EndProject
Global
	GlobalSection(SolutionConfigurationPlatforms) = preSolution
		Debug|Any CPU = Debug|Any CPU
		Release|Any CPU = Release|Any CPU
	EndGlobalSection
	GlobalSection(ProjectConfigurationPlatforms) = postSolution
		{ED9FF6FE-DC0D-4D5D-BA8F-1897D9EC464C}.Debug|Any CPU.ActiveCfg = Debug|Any CPU
		{ED9FF6FE-DC0D-4D5D-BA8F-1897D9EC464C}.Debug|Any CPU.Build.0 = Debug|Any CPU
		{ED9FF6FE-DC0D-4D5D-BA8F-1897D9EC464C}.Release|Any CPU.ActiveCfg = Release|Any CPU
		{ED9FF6FE-DC0D-4D5D-BA8F-1897D9EC464C}.Release|Any CPU.Build.0 = Release|Any CPU
		{611C26F7-D5D0-4E43-913B-F93E765182D9}.Debug|Any CPU.ActiveCfg = Debug|Any CPU
		{611C26F7-D5D0-4E43-913B-F93E765182D9}.Debug|Any CPU.Build.0 = Debug|Any CPU
		{611C26F7-D5D0-4E43-913B-F93E765182D9}.Release|Any CPU.ActiveCfg = Release|Any CPU
		{611C26F7-D5D0-4E43-913B-F93E765182D9}.Release|Any CPU.Build.0 = Release|Any CPU
		{C336A12D-2BB3-491E-9BED-1B7BC01D74DA}.Debug|Any CPU.ActiveCfg = Debug|Any CPU
		{C336A12D-2BB3-491E-9BED-1B7BC01D74DA}.Debug|Any CPU.Build.0 = Debug|Any CPU
		{C336A12D-2BB3-491E-9BED-1B7BC01D74DA}.Release|Any CPU.ActiveCfg = Release|Any CPU
		{C336A12D-2BB3-491E-9BED-1B7BC01D74DA}.Release|Any CPU.Build.0 = Release|Any CPU
		{764E6257-CD10-4C2F-B830-06BD96B1C76C}.Debug|Any CPU.ActiveCfg = Debug|Any CPU
		{764E6257-CD10-4C2F-B830-06BD96B1C76C}.Debug|Any CPU.Build.0 = Debug|Any CPU
		{764E6257-CD10-4C2F-B830-06BD96B1C76C}.Release|Any CPU.ActiveCfg = Release|Any CPU
		{764E6257-CD10-4C2F-B830-06BD96B1C76C}.Release|Any CPU.Build.0 = Release|Any CPU
		{5007E54F-E8CF-4792-B297-0A129E7719BA}.Debug|Any CPU.ActiveCfg = Debug|Any CPU
		{5007E54F-E8CF-4792-B297-0A129E7719BA}.Debug|Any CPU.Build.0 = Debug|Any CPU
		{5007E54F-E8CF-4792-B297-0A129E7719BA}.Release|Any CPU.ActiveCfg = Release|Any CPU
		{5007E54F-E8CF-4792-B297-0A129E7719BA}.Release|Any CPU.Build.0 = Release|Any CPU
	EndGlobalSection
	GlobalSection(SolutionProperties) = preSolution
		HideSolutionNode = FALSE
	EndGlobalSection
	GlobalSection(ExtensibilityGlobals) = postSolution
		SolutionGuid = {4236A9C8-58D5-4C91-A313-BE2A0710A121}
	EndGlobalSection
EndGlobal
